{
  "name": "Practies 1",
  "lockfileVersion": 3,
  "requires": true,
  "packages": {
    "": {
      "dependencies": {
        "haq-validate": "^1.0.0"
      }
    },
    "node_modules/haq-validate": {
      "version": "1.0.0",
      "resolved": "https://registry.npmjs.org/haq-validate/-/haq-validate-1.0.0.tgz",
      "integrity": "sha512-FwJJ/Cs/ZatIbKUlel5KRAwfiiZVTlmH1oc6HdCRM6wPN30sgpnjHzuCL9FXaaa+WgT9ULJN9ITPV+1Ntw2Cgg=="
    }
  }
}
